github.com/joho/godotenv v1.3.0/go.mod h1:7hK45KPybAkOC6peb+G5yklZfMxEjkZhHbwpqxOKXbg=
github.com/joho/godotenv v1.5.1 h1:7eLL/+HRGLY0ldzfGMeQkb7vMd0as4CfYvUVzLqw0N0=
github.com/joho/godotenv v1.5.1/go.mod h1:f4LDr5Voq0i2e/R5DDNOoa2zzDfwtkZa6DnEwAbqwq4=
github.com/trinhdaiphuc/env_config v0.1.0 h1:mxulvGQXlaHAuJpwzUf9IbquiVDRWeE0/2SLNxNJOgM=
github.com/trinhdaiphuc/env_config v0.1.0/go.mod h1:c+kJmlWE2Fi1O9o1IRotd9TlhT/Tz/FfEtVOdZlfwfM=
