github.com/joho/godotenv v1.3.0/go.mod h1:7hK45KPybAkOC6peb+G5yklZfMxEjkZhHbwpqxOKXbg=
github.com/joho/godotenv v1.5.1 h1:7eLL/+HRGLY0ldzfGMeQkb7vMd0as4CfYvUVzLqw0N0=
github.com/joho/godotenv v1.5.1/go.mod h1:f4LDr5Voq0i2e/R5DDNOoa2zzDfwtkZa6DnEwAbqwq4=
github.com/trinhdaiphuc/env_config v0.0.0-20240717155133-512b82b8fd2c h1:sRN0ZrR5+wM3+U5JG00eb4pYtM1So59ENtbcIWyHNpA=
github.com/trinhdaiphuc/env_config v0.0.0-20240717155133-512b82b8fd2c/go.mod h1:B1295hJQNhkLtLxAJOYK9l3g0EIW8T5p+1Nq1mr9qIA=
github.com/trinhdaiphuc/env_config v0.1.0 h1:mxulvGQXlaHAuJpwzUf9IbquiVDRWeE0/2SLNxNJOgM=
github.com/trinhdaiphuc/env_config v0.1.0/go.mod h1:c+kJmlWE2Fi1O9o1IRotd9TlhT/Tz/FfEtVOdZlfwfM=
github.com/trinhdaiphuc/env_config v0.1.1-0.20240717030637-ae332c55e8fc h1:7hS9uqNV8E9ZR/Wby0R2xgQ/XoYUaKKdfZWMVlVCYJ4=
github.com/trinhdaiphuc/env_config v0.1.1-0.20240717030637-ae332c55e8fc/go.mod h1:wdVzv/23I2XrfWnaMPY+7FyVnbO9pfN4jowYcC/P6iY=
github.com/trinhdaiphuc/env_config v0.1.1-0.20240717082528-a2630e9dfcd3 h1:NaYyUWa9/4RBOermEzgIVHA2leNKDIGmuYXvCk7K2Ug=
github.com/trinhdaiphuc/env_config v0.1.1-0.20240717082528-a2630e9dfcd3/go.mod h1:B1295hJQNhkLtLxAJOYK9l3g0EIW8T5p+1Nq1mr9qIA=
github.com/trinhdaiphuc/env_config v0.1.1-0.20240717093000-a47611e2e54b h1:7zgsgKIkP1XXzpaffkb27+f8NuZf2CZRjsslDgxcqmo=
github.com/trinhdaiphuc/env_config v0.1.1-0.20240717093000-a47611e2e54b/go.mod h1:B1295hJQNhkLtLxAJOYK9l3g0EIW8T5p+1Nq1mr9qIA=
