github.com/joho/godotenv v1.5.1 h1:7eLL/+HRGLY0ldzfGMeQkb7vMd0as4CfYvUVzLqw0N0=
github.com/joho/godotenv v1.5.1/go.mod h1:f4LDr5Voq0i2e/R5DDNOoa2zzDfwtkZa6DnEwAbqwq4=
github.com/trinhdaiphuc/env_config v0.0.0-20240717155133-512b82b8fd2c h1:sRN0ZrR5+wM3+U5JG00eb4pYtM1So59ENtbcIWyHNpA=
github.com/trinhdaiphuc/env_config v0.0.0-20240717155133-512b82b8fd2c/go.mod h1:B1295hJQNhkLtLxAJOYK9l3g0EIW8T5p+1Nq1mr9qIA=
github.com/trinhdaiphuc/env_config v0.2.0 h1:aT3SSykCnkzR/9avhjlXuyqPevDjxOEX0Odcpno01RA=
github.com/trinhdaiphuc/env_config v0.2.0/go.mod h1:B1295hJQNhkLtLxAJOYK9l3g0EIW8T5p+1Nq1mr9qIA=
github.com/trinhdaiphuc/env_config v0.2.1 h1:TTDVa3wSms/l1Np3PQ5z+ngtLleh+widsdCPhq0Kgyc=
github.com/trinhdaiphuc/env_config v0.2.1/go.mod h1:BpLR+j6LqcAFKNbECMjzCFw0fco0Du+2o808LEowZGg=
